
Microsoft Visual Studio Solution File, Format Version 12.00
# Visual Studio 15
VisualStudioVersion = 15.0.27703.2026
MinimumVisualStudioVersion = 10.0.40219.1
Project("{F184B08F-C81C-45F6-A57F-5ABD9991F28F}") = "JetsYoutubeLib", "JetsYoutubeLib\JetsYoutubeLib.vbproj", "{783E7BCA-D7EA-4692-9434-0A3D5117D80E}"
EndProject
Global
	GlobalSection(SolutionConfigurationPlatforms) = preSolution
		Debug|Any CPU = Debug|Any CPU
		Release|Any CPU = Release|Any CPU
	EndGlobalSection
	GlobalSection(ProjectConfigurationPlatforms) = postSolution
		{783E7BCA-D7EA-4692-9434-0A3D5117D80E}.Debug|Any CPU.ActiveCfg = Debug|Any CPU
		{783E7BCA-D7EA-4692-9434-0A3D5117D80E}.Debug|Any CPU.Build.0 = Debug|Any CPU
		{783E7BCA-D7EA-4692-9434-0A3D5117D80E}.Release|Any CPU.ActiveCfg = Release|Any CPU
		{783E7BCA-D7EA-4692-9434-0A3D5117D80E}.Release|Any CPU.Build.0 = Release|Any CPU
	EndGlobalSection
	GlobalSection(SolutionProperties) = preSolution
		HideSolutionNode = FALSE
	EndGlobalSection
	GlobalSection(ExtensibilityGlobals) = postSolution
		SolutionGuid = {F8EFE693-3294-4D4B-A658-030506BB99DE}
	EndGlobalSection
EndGlobal
